<?xml version="1.0" encoding="utf-8"?>
<Project ToolsVersion="4.0" xmlns="http://schemas.microsoft.com/developer/msbuild/2003">
  <ItemGroup>
    <Filter Include="소스 파일">
      <UniqueIdentifier>{4FC737F1-C7A5-4376-A066-2A32D752A2FF}</UniqueIdentifier>
      <Extensions>cpp;c;cc;cxx;c++;cppm;ixx;def;odl;idl;hpj;bat;asm;asmx</Extensions>
    </Filter>
    <Filter Include="헤더 파일">
      <UniqueIdentifier>{93995380-89BD-4b04-88EB-625FBE52EBFB}</UniqueIdentifier>
      <Extensions>h;hh;hpp;hxx;h++;hm;inl;inc;ipp;xsd</Extensions>
    </Filter>
    <Filter Include="리소스 파일">
      <UniqueIdentifier>{67DA6AB6-F800-4c08-8B7A-83BB121AAD01}</UniqueIdentifier>
      <Extensions>rc;ico;cur;bmp;dlg;rc2;rct;bin;rgs;gif;jpg;jpeg;jpe;resx;tiff;tif;png;wav;mfcribbon-ms</Extensions>
    </Filter>
    <Filter Include="소스 파일\Src">
      <UniqueIdentifier>{032b817e-9247-4a53-a715-5331cb3b6997}</UniqueIdentifier>
    </Filter>
    <Filter Include="헤더 파일\Include">
      <UniqueIdentifier>{3ae5c1d0-40b4-44aa-b9fc-4064ceaa1319}</UniqueIdentifier>
    </Filter>
  </ItemGroup>
  <ItemGroup>
    <ClCompile Include="Src\UserProfileUI.cpp">
      <Filter>소스 파일\Src</Filter>
    </ClCompile>
    <ClCompile Include="Src\UserProfileSelectUI.cpp">
      <Filter>소스 파일\Src</Filter>
    </ClCompile>
    <ClCompile Include="Src\TypingGame.cpp">
      <Filter>소스 파일\Src</Filter>
    </ClCompile>
    <ClCompile Include="Src\TextUtil.cpp">
      <Filter>소스 파일\Src</Filter>
    </ClCompile>
    <ClCompile Include="Src\test.cpp">
      <Filter>소스 파일\Src</Filter>
    </ClCompile>
    <ClCompile Include="Src\TajaMainUI.cpp">
      <Filter>소스 파일\Src</Filter>
    </ClCompile>
    <ClCompile Include="Src\ResultScreen.cpp">
      <Filter>소스 파일\Src</Filter>
    </ClCompile>
    <ClCompile Include="Src\main.cpp">
      <Filter>소스 파일\Src</Filter>
    </ClCompile>
    <ClCompile Include="Src\FileSelectList.cpp">
      <Filter>소스 파일\Src</Filter>
    </ClCompile>
    <ClCompile Include="Src\FileLoader.cpp">
      <Filter>소스 파일\Src</Filter>
    </ClCompile>
    <ClCompile Include="Src\DrawUIR.cpp">
      <Filter>소스 파일\Src</Filter>
    </ClCompile>
    <ClCompile Include="Src\DrawUI.cpp">
      <Filter>소스 파일\Src</Filter>
    </ClCompile>
  </ItemGroup>
  <ItemGroup>
    <ClInclude Include="Include\DrawUI.hpp">
      <Filter>헤더 파일\Include</Filter>
    </ClInclude>
    <ClInclude Include="Include\DrawUIR.hpp">
      <Filter>헤더 파일\Include</Filter>
    </ClInclude>
    <ClInclude Include="Include\FileLoader.hpp">
      <Filter>헤더 파일\Include</Filter>
    </ClInclude>
    <ClInclude Include="Include\FileSelectList.hpp">
      <Filter>헤더 파일\Include</Filter>
    </ClInclude>
    <ClInclude Include="Include\GameState.hpp">
      <Filter>헤더 파일\Include</Filter>
    </ClInclude>
    <ClInclude Include="Include\ResultScreen.hpp">
      <Filter>헤더 파일\Include</Filter>
    </ClInclude>
    <ClInclude Include="Include\Scene.hpp">
      <Filter>헤더 파일\Include</Filter>
    </ClInclude>
    <ClInclude Include="Include\TajaMainUI.hpp">
      <Filter>헤더 파일\Include</Filter>
    </ClInclude>
    <ClInclude Include="Include\TextUtil.hpp">
      <Filter>헤더 파일\Include</Filter>
    </ClInclude>
    <ClInclude Include="Include\TypingGame.hpp">
      <Filter>헤더 파일\Include</Filter>
    </ClInclude>
    <ClInclude Include="Include\UIAlign.hpp">
      <Filter>헤더 파일\Include</Filter>
    </ClInclude>
    <ClInclude Include="Include\UserProfileSelectUI.hpp">
      <Filter>헤더 파일\Include</Filter>
    </ClInclude>
    <ClInclude Include="Include\UserProfileUI.hpp">
      <Filter>헤더 파일\Include</Filter>
    </ClInclude>
  </ItemGroup>
</Project>